
Microsoft Visual Studio Solution File, Format Version 12.00
# Visual Studio Version 17
VisualStudioVersion = 17.0.32112.339
MinimumVisualStudioVersion = 10.0.40219.1
Project("{9A19103F-16F7-4668-BE54-9A1E7A4F7556}") = "festivalprojekt.Server", "festivalprojekt\Server\festivalprojekt.Server.csproj", "{BF16C418-5C5F-4161-9E91-4F69370629A8}"
EndProject
Project("{9A19103F-16F7-4668-BE54-9A1E7A4F7556}") = "festivalprojekt.Client", "festivalprojekt\Client\festivalprojekt.Client.csproj", "{E89B2B75-DA43-4E46-B4F5-3E5F9D99FB84}"
EndProject
Project("{9A19103F-16F7-4668-BE54-9A1E7A4F7556}") = "festivalprojekt.Shared", "festivalprojekt\Shared\festivalprojekt.Shared.csproj", "{16D1F42B-57A4-411B-917A-AD49DF072E19}"
EndProject
Global
	GlobalSection(SolutionConfigurationPlatforms) = preSolution
		Debug|Any CPU = Debug|Any CPU
		Release|Any CPU = Release|Any CPU
	EndGlobalSection
	GlobalSection(ProjectConfigurationPlatforms) = postSolution
		{BF16C418-5C5F-4161-9E91-4F69370629A8}.Debug|Any CPU.ActiveCfg = Debug|Any CPU
		{BF16C418-5C5F-4161-9E91-4F69370629A8}.Debug|Any CPU.Build.0 = Debug|Any CPU
		{BF16C418-5C5F-4161-9E91-4F69370629A8}.Release|Any CPU.ActiveCfg = Release|Any CPU
		{BF16C418-5C5F-4161-9E91-4F69370629A8}.Release|Any CPU.Build.0 = Release|Any CPU
		{E89B2B75-DA43-4E46-B4F5-3E5F9D99FB84}.Debug|Any CPU.ActiveCfg = Debug|Any CPU
		{E89B2B75-DA43-4E46-B4F5-3E5F9D99FB84}.Debug|Any CPU.Build.0 = Debug|Any CPU
		{E89B2B75-DA43-4E46-B4F5-3E5F9D99FB84}.Release|Any CPU.ActiveCfg = Release|Any CPU
		{E89B2B75-DA43-4E46-B4F5-3E5F9D99FB84}.Release|Any CPU.Build.0 = Release|Any CPU
		{16D1F42B-57A4-411B-917A-AD49DF072E19}.Debug|Any CPU.ActiveCfg = Debug|Any CPU
		{16D1F42B-57A4-411B-917A-AD49DF072E19}.Debug|Any CPU.Build.0 = Debug|Any CPU
		{16D1F42B-57A4-411B-917A-AD49DF072E19}.Release|Any CPU.ActiveCfg = Release|Any CPU
		{16D1F42B-57A4-411B-917A-AD49DF072E19}.Release|Any CPU.Build.0 = Release|Any CPU
	EndGlobalSection
	GlobalSection(SolutionProperties) = preSolution
		HideSolutionNode = FALSE
	EndGlobalSection
	GlobalSection(ExtensibilityGlobals) = postSolution
		SolutionGuid = {0E49A2DA-8E24-4038-BDBB-C00A0258F17A}
	EndGlobalSection
EndGlobal
